
Microsoft Visual Studio Solution File, Format Version 12.00
# Visual Studio Version 16
VisualStudioVersion = 16.0.31702.278
MinimumVisualStudioVersion = 10.0.40219.1
Project("{8BC9CEB8-8B4A-11D0-8D11-00A0C91BC942}") = "20210929", "20210929.vcxproj", "{64E1E8FC-7317-4CCF-8BB5-3FCDDA204357}"
EndProject
Global
	GlobalSection(SolutionConfigurationPlatforms) = preSolution
		Debug|x64 = Debug|x64
		Debug|x86 = Debug|x86
		Release|x64 = Release|x64
		Release|x86 = Release|x86
	EndGlobalSection
	GlobalSection(ProjectConfigurationPlatforms) = postSolution
		{64E1E8FC-7317-4CCF-8BB5-3FCDDA204357}.Debug|x64.ActiveCfg = Debug|x64
		{64E1E8FC-7317-4CCF-8BB5-3FCDDA204357}.Debug|x64.Build.0 = Debug|x64
		{64E1E8FC-7317-4CCF-8BB5-3FCDDA204357}.Debug|x86.ActiveCfg = Debug|Win32
		{64E1E8FC-7317-4CCF-8BB5-3FCDDA204357}.Debug|x86.Build.0 = Debug|Win32
		{64E1E8FC-7317-4CCF-8BB5-3FCDDA204357}.Release|x64.ActiveCfg = Release|x64
		{64E1E8FC-7317-4CCF-8BB5-3FCDDA204357}.Release|x64.Build.0 = Release|x64
		{64E1E8FC-7317-4CCF-8BB5-3FCDDA204357}.Release|x86.ActiveCfg = Release|Win32
		{64E1E8FC-7317-4CCF-8BB5-3FCDDA204357}.Release|x86.Build.0 = Release|Win32
	EndGlobalSection
	GlobalSection(SolutionProperties) = preSolution
		HideSolutionNode = FALSE
	EndGlobalSection
	GlobalSection(ExtensibilityGlobals) = postSolution
		SolutionGuid = {CB157AB3-76A6-4FD4-9CE1-679C35353526}
	EndGlobalSection
EndGlobal
